Microsoft Visual Studio Solution File, Format Version 12.00
# Visual Studio Express 2013 for Windows Desktop
VisualStudioVersion = 12.0.21005.1
MinimumVisualStudioVersion = 10.0.40219.1
Project("{FAE04EC0-301F-11D3-BF4B-00C04F79EFBC}") = "FlorenceDemo", "FlorenceDemo\FlorenceDemo.csproj", "{7427C7A7-6CB0-4CB3-A0DB-F11603C5C29A}"
EndProject
Project("{FAE04EC0-301F-11D3-BF4B-00C04F79EFBC}") = "Florence", "..\..\src\Florence\Florence.csproj", "{E6867FF5-74EC-4464-8958-D71CB46232F3}"
EndProject
Project("{FAE04EC0-301F-11D3-BF4B-00C04F79EFBC}") = "Florence.WinForms", "..\..\src\Florence.WinForms\Florence.WinForms.csproj", "{7173A744-7A13-439B-AE13-A1CCCF4C8197}"
EndProject
Project("{FAE04EC0-301F-11D3-BF4B-00C04F79EFBC}") = "Florence.GtkSharp", "..\..\src\Florence.GtkSharp\Florence.GtkSharp.csproj", "{1BDEF389-7E30-4D02-93F9-449CC19D07BF}"
EndProject
Project("{FAE04EC0-301F-11D3-BF4B-00C04F79EFBC}") = "DemoLib", "DemoLib\DemoLib.csproj", "{DD6DB5B6-6718-4911-9E8A-C96B74B669E2}"
EndProject
Project("{FAE04EC0-301F-11D3-BF4B-00C04F79EFBC}") = "FlorenceDemoGtkSharp", "FlorenceDemoGtkSharp\FlorenceDemoGtkSharp.csproj", "{EF428519-FFF9-478D-83D4-FDAE0D18F950}"
EndProject
Global
	GlobalSection(SolutionConfigurationPlatforms) = preSolution
		Debug|x86 = Debug|x86
		Release|x86 = Release|x86
	EndGlobalSection
	GlobalSection(ProjectConfigurationPlatforms) = postSolution
		{7427C7A7-6CB0-4CB3-A0DB-F11603C5C29A}.Debug|x86.ActiveCfg = Debug|x86
		{7427C7A7-6CB0-4CB3-A0DB-F11603C5C29A}.Release|x86.ActiveCfg = Release|x86
		{E6867FF5-74EC-4464-8958-D71CB46232F3}.Debug|x86.ActiveCfg = Debug|x86
		{E6867FF5-74EC-4464-8958-D71CB46232F3}.Debug|x86.Build.0 = Debug|x86
		{E6867FF5-74EC-4464-8958-D71CB46232F3}.Release|x86.ActiveCfg = Release|x86
		{E6867FF5-74EC-4464-8958-D71CB46232F3}.Release|x86.Build.0 = Release|x86
		{7173A744-7A13-439B-AE13-A1CCCF4C8197}.Debug|x86.ActiveCfg = Debug|x86
		{7173A744-7A13-439B-AE13-A1CCCF4C8197}.Release|x86.ActiveCfg = Release|x86
		{1BDEF389-7E30-4D02-93F9-449CC19D07BF}.Debug|x86.ActiveCfg = Debug|x86
		{1BDEF389-7E30-4D02-93F9-449CC19D07BF}.Debug|x86.Build.0 = Debug|x86
		{1BDEF389-7E30-4D02-93F9-449CC19D07BF}.Release|x86.ActiveCfg = Release|x86
		{1BDEF389-7E30-4D02-93F9-449CC19D07BF}.Release|x86.Build.0 = Release|x86
		{DD6DB5B6-6718-4911-9E8A-C96B74B669E2}.Debug|x86.ActiveCfg = Debug|x86
		{DD6DB5B6-6718-4911-9E8A-C96B74B669E2}.Debug|x86.Build.0 = Debug|x86
		{DD6DB5B6-6718-4911-9E8A-C96B74B669E2}.Release|x86.ActiveCfg = Release|x86
		{DD6DB5B6-6718-4911-9E8A-C96B74B669E2}.Release|x86.Build.0 = Release|x86
		{EF428519-FFF9-478D-83D4-FDAE0D18F950}.Debug|x86.ActiveCfg = Debug|x86
		{EF428519-FFF9-478D-83D4-FDAE0D18F950}.Debug|x86.Build.0 = Debug|x86
		{EF428519-FFF9-478D-83D4-FDAE0D18F950}.Release|x86.ActiveCfg = Release|x86
		{EF428519-FFF9-478D-83D4-FDAE0D18F950}.Release|x86.Build.0 = Release|x86
	EndGlobalSection
	GlobalSection(SolutionProperties) = preSolution
		HideSolutionNode = FALSE
	EndGlobalSection
EndGlobal
